
Microsoft Visual Studio Solution File, Format Version 12.00
# Visual Studio Version 17
VisualStudioVersion = 17.14.36221.1 d17.14
MinimumVisualStudioVersion = 10.0.40219.1
Project("{FAE04EC0-301F-11D3-BF4B-00C04F79EFBC}") = "References.Api", "References.Api\References.Api.csproj", "{18948486-7CA6-439F-860D-C9F1C38C3C54}"
EndProject
Global
	GlobalSection(SolutionConfigurationPlatforms) = preSolution
		Debug|Any CPU = Debug|Any CPU
		Release|Any CPU = Release|Any CPU
	EndGlobalSection
	GlobalSection(ProjectConfigurationPlatforms) = postSolution
		{18948486-7CA6-439F-860D-C9F1C38C3C54}.Debug|Any CPU.ActiveCfg = Debug|Any CPU
		{18948486-7CA6-439F-860D-C9F1C38C3C54}.Debug|Any CPU.Build.0 = Debug|Any CPU
		{18948486-7CA6-439F-860D-C9F1C38C3C54}.Release|Any CPU.ActiveCfg = Release|Any CPU
		{18948486-7CA6-439F-860D-C9F1C38C3C54}.Release|Any CPU.Build.0 = Release|Any CPU
	EndGlobalSection
	GlobalSection(SolutionProperties) = preSolution
		HideSolutionNode = FALSE
	EndGlobalSection
	GlobalSection(ExtensibilityGlobals) = postSolution
		SolutionGuid = {691D6DCB-EA18-496F-A6AD-3061EED49418}
	EndGlobalSection
EndGlobal
